
Microsoft Visual Studio Solution File, Format Version 12.00
Project("{FAE04EC0-301F-11D3-BF4B-00C04F79EFBC}") = "BonusService", "BonusService\BonusService.csproj", "{589934FB-2580-4E18-AF8B-C1BCF90F5679}"
EndProject
Project("{FAE04EC0-301F-11D3-BF4B-00C04F79EFBC}") = "FlightService", "FlightService\FlightService.csproj", "{EFAA19E0-3D6B-40C6-8635-FE9FF1C1A6AB}"
EndProject
Project("{FAE04EC0-301F-11D3-BF4B-00C04F79EFBC}") = "TicketService", "TicketService\TicketService.csproj", "{B91949D5-558A-4A42-B0FF-409481340BE3}"
EndProject
Project("{FAE04EC0-301F-11D3-BF4B-00C04F79EFBC}") = "GatewayService", "GatewayService\GatewayService.csproj", "{C4F0C272-E04F-451D-A435-031A8F687A8F}"
EndProject
Project("{FAE04EC0-301F-11D3-BF4B-00C04F79EFBC}") = "Tests", "Tests\Tests.csproj", "{BA9E0429-2182-4494-8844-C49BFDDA2CEA}"
EndProject
Global
	GlobalSection(SolutionConfigurationPlatforms) = preSolution
		Debug|Any CPU = Debug|Any CPU
		Release|Any CPU = Release|Any CPU
	EndGlobalSection
	GlobalSection(ProjectConfigurationPlatforms) = postSolution
		{589934FB-2580-4E18-AF8B-C1BCF90F5679}.Debug|Any CPU.ActiveCfg = Debug|Any CPU
		{589934FB-2580-4E18-AF8B-C1BCF90F5679}.Debug|Any CPU.Build.0 = Debug|Any CPU
		{589934FB-2580-4E18-AF8B-C1BCF90F5679}.Release|Any CPU.ActiveCfg = Release|Any CPU
		{589934FB-2580-4E18-AF8B-C1BCF90F5679}.Release|Any CPU.Build.0 = Release|Any CPU
		{EFAA19E0-3D6B-40C6-8635-FE9FF1C1A6AB}.Debug|Any CPU.ActiveCfg = Debug|Any CPU
		{EFAA19E0-3D6B-40C6-8635-FE9FF1C1A6AB}.Debug|Any CPU.Build.0 = Debug|Any CPU
		{EFAA19E0-3D6B-40C6-8635-FE9FF1C1A6AB}.Release|Any CPU.ActiveCfg = Release|Any CPU
		{EFAA19E0-3D6B-40C6-8635-FE9FF1C1A6AB}.Release|Any CPU.Build.0 = Release|Any CPU
		{B91949D5-558A-4A42-B0FF-409481340BE3}.Debug|Any CPU.ActiveCfg = Debug|Any CPU
		{B91949D5-558A-4A42-B0FF-409481340BE3}.Debug|Any CPU.Build.0 = Debug|Any CPU
		{B91949D5-558A-4A42-B0FF-409481340BE3}.Release|Any CPU.ActiveCfg = Release|Any CPU
		{B91949D5-558A-4A42-B0FF-409481340BE3}.Release|Any CPU.Build.0 = Release|Any CPU
		{C4F0C272-E04F-451D-A435-031A8F687A8F}.Debug|Any CPU.ActiveCfg = Debug|Any CPU
		{C4F0C272-E04F-451D-A435-031A8F687A8F}.Debug|Any CPU.Build.0 = Debug|Any CPU
		{C4F0C272-E04F-451D-A435-031A8F687A8F}.Release|Any CPU.ActiveCfg = Release|Any CPU
		{C4F0C272-E04F-451D-A435-031A8F687A8F}.Release|Any CPU.Build.0 = Release|Any CPU
		{BA9E0429-2182-4494-8844-C49BFDDA2CEA}.Debug|Any CPU.ActiveCfg = Debug|Any CPU
		{BA9E0429-2182-4494-8844-C49BFDDA2CEA}.Debug|Any CPU.Build.0 = Debug|Any CPU
		{BA9E0429-2182-4494-8844-C49BFDDA2CEA}.Release|Any CPU.ActiveCfg = Release|Any CPU
		{BA9E0429-2182-4494-8844-C49BFDDA2CEA}.Release|Any CPU.Build.0 = Release|Any CPU
	EndGlobalSection
EndGlobal
